{
  "name": "twitter-threads",
  "version": "0.0.7",
  "lockfileVersion": 2,
  "requires": true,
  "packages": {
    "": {
      "name": "twitter-threads",
      "version": "0.0.7",
      "license": "MIT",
      "bin": {
        "tweets": "dist/cli/cli.js"
      },
      "devDependencies": {
        "@types/node": "^17.0.35",
        "esbuild": "^0.14.40",
        "node-fetch": "^3.2.4",
        "typescript": "^4.7.2"
      }
    },
    "node_modules/@types/node": {
      "version": "17.0.35",
      "resolved": "https://registry.npmjs.org/@types/node/-/node-17.0.35.tgz",
      "integrity": "sha512-vu1SrqBjbbZ3J6vwY17jBs8Sr/BKA+/a/WtjRG+whKg1iuLFOosq872EXS0eXWILdO36DHQQeku/ZcL6hz2fpg==",
      "dev": true
    },
    "node_modules/data-uri-to-buffer": {
      "version": "4.0.0",
      "resolved": "https://registry.npmjs.org/data-uri-to-buffer/-/data-uri-to-buffer-4.0.0.tgz",
      "integrity": "sha512-Vr3mLBA8qWmcuschSLAOogKgQ/Jwxulv3RNE4FXnYWRGujzrRWQI4m12fQqRkwX06C0KanhLr4hK+GydchZsaA==",
      "dev": true,
      "engines": {
        "node": ">= 12"
      }
    },
    "node_modules/esbuild": {
      "version": "0.14.40",
      "resolved": "https://registry.npmjs.org/esbuild/-/esbuild-0.14.40.tgz",
      "integrity": "sha512-toIoQk3ODEEIudsN74wXGdw1eiUN4aKRijOqiwEAqfUFlhORPYFJtACzRdRRlpUysRUUlvIUoGE1aw/MIVCWnA==",
      "dev": true,
      "hasInstallScript": true,
      "bin": {
        "esbuild": "bin/esbuild"
      },
      "engines": {
        "node": ">=12"
      },
      "optionalDependencies": {
        "esbuild-android-64": "0.14.40",
        "esbuild-android-arm64": "0.14.40",
        "esbuild-darwin-64": "0.14.40",
        "esbuild-darwin-arm64": "0.14.40",
        "esbuild-freebsd-64": "0.14.40",
        "esbuild-freebsd-arm64": "0.14.40",
        "esbuild-linux-32": "0.14.40",
        "esbuild-linux-64": "0.14.40",
        "esbuild-linux-arm": "0.14.40",
        "esbuild-linux-arm64": "0.14.40",
        "esbuild-linux-mips64le": "0.14.40",
        "esbuild-linux-ppc64le": "0.14.40",
        "esbuild-linux-riscv64": "0.14.40",
        "esbuild-linux-s390x": "0.14.40",
        "esbuild-netbsd-64": "0.14.40",
        "esbuild-openbsd-64": "0.14.40",
        "esbuild-sunos-64": "0.14.40",
        "esbuild-windows-32": "0.14.40",
        "esbuild-windows-64": "0.14.40",
        "esbuild-windows-arm64": "0.14.40"
      }
    },
    "node_modules/esbuild-android-64": {
      "version": "0.14.40",
      "resolved": "https://registry.npmjs.org/esbuild-android-64/-/esbuild-android-64-0.14.40.tgz",
      "integrity": "sha512-+69t+bmJWWhTyG8waJZcu4UGzM4NbDXAwssTEDYwonyz6L/Is11Y3csJhE16RM0a1GeDin0n810vNP+NVjttKA==",
      "cpu": [
        "x64"
      ],
      "dev": true,
      "optional": true,
      "os": [
        "android"
      ],
      "engines": {
        "node": ">=12"
      }
    },
    "node_modules/esbuild-android-arm64": {
      "version": "0.14.40",
      "resolved": "https://registry.npmjs.org/esbuild-android-arm64/-/esbuild-android-arm64-0.14.40.tgz",
      "integrity": "sha512-lVDn4d7/NL5Svrxuskmd/YcluI6uI4Ebp7A1/tWyLJJYbvfIy5l4Vy8GMhErGLePbRyJJiuBP9xusapK4u+6bg==",
      "cpu": [
        "arm64"
      ],
      "dev": true,
      "optional": true,
      "os": [
        "android"
      ],
      "engines": {
        "node": ">=12"
      }
    },
    "node_modules/esbuild-darwin-64": {
      "version": "0.14.40",
      "resolved": "https://registry.npmjs.org/esbuild-darwin-64/-/esbuild-darwin-64-0.14.40.tgz",
      "integrity": "sha512-b5u3IXCHhOjkRHIQTSxCN7ObUR5NTyJCP9LrnJ69dEEi1w1usI40T/VNyTTCs7n0UgEH7/zi27vBxbZU+sU4Ew==",
      "cpu": [
        "x64"
      ],
      "dev": true,
      "optional": true,
      "os": [
        "darwin"
      ],
      "engines": {
        "node": ">=12"
      }
    },
    "node_modules/esbuild-darwin-arm64": {
      "version": "0.14.40",
      "resolved": "https://registry.npmjs.org/esbuild-darwin-arm64/-/esbuild-darwin-arm64-0.14.40.tgz",
      "integrity": "sha512-Wn0C2nrZSANvzK9efcxjKpv9l8yUC4PtYMmnf775gUNwak7sqecuoelhbUTshhrwsfjCNfjsrUhsHY2OHUiEdw==",
      "cpu": [
        "arm64"
      ],
      "dev": true,
      "optional": true,
      "os": [
        "darwin"
      ],
      "engines": {
        "node": ">=12"
      }
    },
    "node_modules/esbuild-freebsd-64": {
      "version": "0.14.40",
      "resolved": "https://registry.npmjs.org/esbuild-freebsd-64/-/esbuild-freebsd-64-0.14.40.tgz",
      "integrity": "sha512-B9WZNUn7Y9f97xrQGBAQPKsebeFZzAd+JCdsLCexrVfTjB24b+/Iuq5O2z/q5Meg7Yz0S+j8AO6ncpvNkK2u0w==",
      "cpu": [
        "x64"
      ],
      "dev": true,
      "optional": true,
      "os": [
        "freebsd"
      ],
      "engines": {
        "node": ">=12"
      }
    },
    "node_modules/esbuild-freebsd-arm64": {
      "version": "0.14.40",
      "resolved": "https://registry.npmjs.org/esbuild-freebsd-arm64/-/esbuild-freebsd-arm64-0.14.40.tgz",
      "integrity": "sha512-3aB9uJv2/lmQNzwmieNyyOdxKi+3ERwrqf3snBu/oEng8b7nMBNrEN+p7jjkTYNYmo291KiH/5EIAXwpsZndFw==",
      "cpu": [
        "arm64"
      ],
      "dev": true,
      "optional": true,
      "os": [
        "freebsd"
      ],
      "engines": {
        "node": ">=12"
      }
    },
    "node_modules/esbuild-linux-32": {
      "version": "0.14.40",
      "resolved": "https://registry.npmjs.org/esbuild-linux-32/-/esbuild-linux-32-0.14.40.tgz",
      "integrity": "sha512-LMI9BMeuGf6NRS23LbyVarN3nf+JyNcfiVEnR9M8691kL5Ffp3e7oTYRH65XdTUirM9D6e5cppfWLjvrRbGnRw==",
      "cpu": [
        "ia32"
      ],
      "dev": true,
      "optional": true,
      "os": [
        "linux"
      ],
      "engines": {
        "node": ">=12"
      }
    },
    "node_modules/esbuild-linux-64": {
      "version": "0.14.40",
      "resolved": "https://registry.npmjs.org/esbuild-linux-64/-/esbuild-linux-64-0.14.40.tgz",
      "integrity": "sha512-D/NkZ9QR2KShJXNuRWANxJzPCrwJoAoWVetQiGIAepzXbNh+dBo5ZLmlh8Txs6tE600N67MF/ScHP1S4FxLaJg==",
      "cpu": [
        "x64"
      ],
      "dev": true,
      "optional": true,
      "os": [
        "linux"
      ],
      "engines": {
        "node": ">=12"
      }
    },
    "node_modules/esbuild-linux-arm": {
      "version": "0.14.40",
      "resolved": "https://registry.npmjs.org/esbuild-linux-arm/-/esbuild-linux-arm-0.14.40.tgz",
      "integrity": "sha512-2a0yZXbzr/s3iCgZ84jFTHf+NyyXQ/7/Sd28oQq5iyy7TbJNS973XUOwgdlHdRqBxvw0nIWTw2FuwyUJAFa6Qg==",
      "cpu": [
        "arm"
      ],
      "dev": true,
      "optional": true,
      "os": [
        "linux"
      ],
      "engines": {
        "node": ">=12"
      }
    },
    "node_modules/esbuild-linux-arm64": {
      "version": "0.14.40",
      "resolved": "https://registry.npmjs.org/esbuild-linux-arm64/-/esbuild-linux-arm64-0.14.40.tgz",
      "integrity": "sha512-TIoZWKjrMJxZujh2nSsrrLkLDLzD/oBpSiobdUGe2bqKZpT4m7fkR0tEDNyM6Xvzj9uTQ4iTfJr2ekmpg3DyTQ==",
      "cpu": [
        "arm64"
      ],
      "dev": true,
      "optional": true,
      "os": [
        "linux"
      ],
      "engines": {
        "node": ">=12"
      }
    },
    "node_modules/esbuild-linux-mips64le": {
      "version": "0.14.40",
      "resolved": "https://registry.npmjs.org/esbuild-linux-mips64le/-/esbuild-linux-mips64le-0.14.40.tgz",
      "integrity": "sha512-SP30CYYSDMwr6mPUbjvD4K2R03GQHIQGrkrbXt5NM6mFqzR+S+JKVv9juq/CjlM9V7iIPPPqe4mb4DWC3b8pBw==",
      "cpu": [
        "mips64el"
      ],
      "dev": true,
      "optional": true,
      "os": [
        "linux"
      ],
      "engines": {
        "node": ">=12"
      }
    },
    "node_modules/esbuild-linux-ppc64le": {
      "version": "0.14.40",
      "resolved": "https://registry.npmjs.org/esbuild-linux-ppc64le/-/esbuild-linux-ppc64le-0.14.40.tgz",
      "integrity": "sha512-HlU3dfIdwzm/zhbXvMa5yWIafBeI7v6BDaEuApAww5Av8ht7lXgD1fZ11iJVPjRWNLcCZUgZaJKFrosSPQO/Bw==",
      "cpu": [
        "ppc64"
      ],
      "dev": true,
      "optional": true,
      "os": [
        "linux"
      ],
      "engines": {
        "node": ">=12"
      }
    },
    "node_modules/esbuild-linux-riscv64": {
      "version": "0.14.40",
      "resolved": "https://registry.npmjs.org/esbuild-linux-riscv64/-/esbuild-linux-riscv64-0.14.40.tgz",
      "integrity": "sha512-4ImTBEUykhIcIq3c97dIXnsmAHb//cjHh4nxttLhwpTZ+b/KdM1IpttqFhB0AFLUsrjP4WOCMxAm5FOL7FC2uw==",
      "cpu": [
        "riscv64"
      ],
      "dev": true,
      "optional": true,
      "os": [
        "linux"
      ],
      "engines": {
        "node": ">=12"
      }
    },
    "node_modules/esbuild-linux-s390x": {
      "version": "0.14.40",
      "resolved": "https://registry.npmjs.org/esbuild-linux-s390x/-/esbuild-linux-s390x-0.14.40.tgz",
      "integrity": "sha512-kFCPKictYjpt5rt0bFdbSmb8AWut75sIh1fZUTCVkujWMcpdL8ADuYMfVrN7R0CSQvkF1nQtrIBfp+ZU7R7KNQ==",
      "cpu": [
        "s390x"
      ],
      "dev": true,
      "optional": true,
      "os": [
        "linux"
      ],
      "engines": {
        "node": ">=12"
      }
    },
    "node_modules/esbuild-netbsd-64": {
      "version": "0.14.40",
      "resolved": "https://registry.npmjs.org/esbuild-netbsd-64/-/esbuild-netbsd-64-0.14.40.tgz",
      "integrity": "sha512-Hwzw2cSI6+p03TUjugzec54W6uW4tA1J/WovmlHl96Icjy73eWnAyCQwgG6ZLirXpt2aDfTEVShNaC2fE4KVhQ==",
      "cpu": [
        "x64"
      ],
      "dev": true,
      "optional": true,
      "os": [
        "netbsd"
      ],
      "engines": {
        "node": ">=12"
      }
    },
    "node_modules/esbuild-openbsd-64": {
      "version": "0.14.40",
      "resolved": "https://registry.npmjs.org/esbuild-openbsd-64/-/esbuild-openbsd-64-0.14.40.tgz",
      "integrity": "sha512-L4Pix+N2Sb0HvLl8zyn1Aq2aYD5Jt8rk9zwW3NUx19yafJqAFsnUN7L/XbbWSv5/XMqnY4hpAvIP2pyeV9+Bjw==",
      "cpu": [
        "x64"
      ],
      "dev": true,
      "optional": true,
      "os": [
        "openbsd"
      ],
      "engines": {
        "node": ">=12"
      }
    },
    "node_modules/esbuild-sunos-64": {
      "version": "0.14.40",
      "resolved": "https://registry.npmjs.org/esbuild-sunos-64/-/esbuild-sunos-64-0.14.40.tgz",
      "integrity": "sha512-iEITaelmmCO43ewk0bOYRGrewu2i2h2V0gKHQ/rz1MRqif8ohY/FNLn4WnThGUlrEgA1nTL1tc57PL12QbOo2Q==",
      "cpu": [
        "x64"
      ],
      "dev": true,
      "optional": true,
      "os": [
        "sunos"
      ],
      "engines": {
        "node": ">=12"
      }
    },
    "node_modules/esbuild-windows-32": {
      "version": "0.14.40",
      "resolved": "https://registry.npmjs.org/esbuild-windows-32/-/esbuild-windows-32-0.14.40.tgz",
      "integrity": "sha512-uXHmKl4RtCkK1v6QQK4hsP8Xiku6CwUM/W7Yv2rGtfylSOrrWKcpqwlDWx6bIm1Hav1uBC8hbgJ1hY6pWFNhNA==",
      "cpu": [
        "ia32"
      ],
      "dev": true,
      "optional": true,
      "os": [
        "win32"
      ],
      "engines": {
        "node": ">=12"
      }
    },
    "node_modules/esbuild-windows-64": {
      "version": "0.14.40",
      "resolved": "https://registry.npmjs.org/esbuild-windows-64/-/esbuild-windows-64-0.14.40.tgz",
      "integrity": "sha512-dvgQLVYnJzqce97AeHvxWtV9lHRDxIPatOikmrh1vt/SCE4tyVo5nAT/2SiZBJ6DzYmZT3BcJTV24bBLyu4ZUA==",
      "cpu": [
        "x64"
      ],
      "dev": true,
      "optional": true,
      "os": [
        "win32"
      ],
      "engines": {
        "node": ">=12"
      }
    },
    "node_modules/esbuild-windows-arm64": {
      "version": "0.14.40",
      "resolved": "https://registry.npmjs.org/esbuild-windows-arm64/-/esbuild-windows-arm64-0.14.40.tgz",
      "integrity": "sha512-c8ohQSFtRq78pZ/LQcpMft2xuR2IEitQkW07f9K7iN4EBdJMrCpOoXrZCfmX9lAC8yYOU7xHoLFYVln3n6fK1Q==",
      "cpu": [
        "arm64"
      ],
      "dev": true,
      "optional": true,
      "os": [
        "win32"
      ],
      "engines": {
        "node": ">=12"
      }
    },
    "node_modules/fetch-blob": {
      "version": "3.1.4",
      "resolved": "https://registry.npmjs.org/fetch-blob/-/fetch-blob-3.1.4.tgz",
      "integrity": "sha512-Eq5Xv5+VlSrYWEqKrusxY1C3Hm/hjeAsCGVG3ft7pZahlUAChpGZT/Ms1WmSLnEAisEXszjzu/s+ce6HZB2VHA==",
      "dev": true,
      "funding": [
        {
          "type": "github",
          "url": "https://github.com/sponsors/jimmywarting"
        },
        {
          "type": "paypal",
          "url": "https://paypal.me/jimmywarting"
        }
      ],
      "dependencies": {
        "node-domexception": "^1.0.0",
        "web-streams-polyfill": "^3.0.3"
      },
      "engines": {
        "node": "^12.20 || >= 14.13"
      }
    },
    "node_modules/formdata-polyfill": {
      "version": "4.0.10",
      "resolved": "https://registry.npmjs.org/formdata-polyfill/-/formdata-polyfill-4.0.10.tgz",
      "integrity": "sha512-buewHzMvYL29jdeQTVILecSaZKnt/RJWjoZCF5OW60Z67/GmSLBkOFM7qh1PI3zFNtJbaZL5eQu1vLfazOwj4g==",
      "dev": true,
      "dependencies": {
        "fetch-blob": "^3.1.2"
      },
      "engines": {
        "node": ">=12.20.0"
      }
    },
    "node_modules/node-domexception": {
      "version": "1.0.0",
      "resolved": "https://registry.npmjs.org/node-domexception/-/node-domexception-1.0.0.tgz",
      "integrity": "sha512-/jKZoMpw0F8GRwl4/eLROPA3cfcXtLApP0QzLmUT/HuPCZWyB7IY9ZrMeKw2O/nFIqPQB3PVM9aYm0F312AXDQ==",
      "dev": true,
      "funding": [
        {
          "type": "github",
          "url": "https://github.com/sponsors/jimmywarting"
        },
        {
          "type": "github",
          "url": "https://paypal.me/jimmywarting"
        }
      ],
      "engines": {
        "node": ">=10.5.0"
      }
    },
    "node_modules/node-fetch": {
      "version": "3.2.4",
      "resolved": "https://registry.npmjs.org/node-fetch/-/node-fetch-3.2.4.tgz",
      "integrity": "sha512-WvYJRN7mMyOLurFR2YpysQGuwYrJN+qrrpHjJDuKMcSPdfFccRUla/kng2mz6HWSBxJcqPbvatS6Gb4RhOzCJw==",
      "dev": true,
      "dependencies": {
        "data-uri-to-buffer": "^4.0.0",
        "fetch-blob": "^3.1.4",
        "formdata-polyfill": "^4.0.10"
      },
      "engines": {
        "node": "^12.20.0 || ^14.13.1 || >=16.0.0"
      },
      "funding": {
        "type": "opencollective",
        "url": "https://opencollective.com/node-fetch"
      }
    },
    "node_modules/typescript": {
      "version": "4.7.2",
      "resolved": "https://registry.npmjs.org/typescript/-/typescript-4.7.2.tgz",
      "integrity": "sha512-Mamb1iX2FDUpcTRzltPxgWMKy3fhg0TN378ylbktPGPK/99KbDtMQ4W1hwgsbPAsG3a0xKa1vmw4VKZQbkvz5A==",
      "dev": true,
      "bin": {
        "tsc": "bin/tsc",
        "tsserver": "bin/tsserver"
      },
      "engines": {
        "node": ">=4.2.0"
      }
    },
    "node_modules/web-streams-polyfill": {
      "version": "3.2.0",
      "resolved": "https://registry.npmjs.org/web-streams-polyfill/-/web-streams-polyfill-3.2.0.tgz",
      "integrity": "sha512-EqPmREeOzttaLRm5HS7io98goBgZ7IVz79aDvqjD0kYXLtFZTc0T/U6wHTPKyIjb+MdN7DFIIX6hgdBEpWmfPA==",
      "dev": true,
      "engines": {
        "node": ">= 8"
      }
    }
  },
  "dependencies": {
    "@types/node": {
      "version": "17.0.35",
      "resolved": "https://registry.npmjs.org/@types/node/-/node-17.0.35.tgz",
      "integrity": "sha512-vu1SrqBjbbZ3J6vwY17jBs8Sr/BKA+/a/WtjRG+whKg1iuLFOosq872EXS0eXWILdO36DHQQeku/ZcL6hz2fpg==",
      "dev": true
    },
    "data-uri-to-buffer": {
      "version": "4.0.0",
      "resolved": "https://registry.npmjs.org/data-uri-to-buffer/-/data-uri-to-buffer-4.0.0.tgz",
      "integrity": "sha512-Vr3mLBA8qWmcuschSLAOogKgQ/Jwxulv3RNE4FXnYWRGujzrRWQI4m12fQqRkwX06C0KanhLr4hK+GydchZsaA==",
      "dev": true
    },
    "esbuild": {
      "version": "0.14.40",
      "resolved": "https://registry.npmjs.org/esbuild/-/esbuild-0.14.40.tgz",
      "integrity": "sha512-toIoQk3ODEEIudsN74wXGdw1eiUN4aKRijOqiwEAqfUFlhORPYFJtACzRdRRlpUysRUUlvIUoGE1aw/MIVCWnA==",
      "dev": true,
      "requires": {
        "esbuild-android-64": "0.14.40",
        "esbuild-android-arm64": "0.14.40",
        "esbuild-darwin-64": "0.14.40",
        "esbuild-darwin-arm64": "0.14.40",
        "esbuild-freebsd-64": "0.14.40",
        "esbuild-freebsd-arm64": "0.14.40",
        "esbuild-linux-32": "0.14.40",
        "esbuild-linux-64": "0.14.40",
        "esbuild-linux-arm": "0.14.40",
        "esbuild-linux-arm64": "0.14.40",
        "esbuild-linux-mips64le": "0.14.40",
        "esbuild-linux-ppc64le": "0.14.40",
        "esbuild-linux-riscv64": "0.14.40",
        "esbuild-linux-s390x": "0.14.40",
        "esbuild-netbsd-64": "0.14.40",
        "esbuild-openbsd-64": "0.14.40",
        "esbuild-sunos-64": "0.14.40",
        "esbuild-windows-32": "0.14.40",
        "esbuild-windows-64": "0.14.40",
        "esbuild-windows-arm64": "0.14.40"
      }
    },
    "esbuild-android-64": {
      "version": "0.14.40",
      "resolved": "https://registry.npmjs.org/esbuild-android-64/-/esbuild-android-64-0.14.40.tgz",
      "integrity": "sha512-+69t+bmJWWhTyG8waJZcu4UGzM4NbDXAwssTEDYwonyz6L/Is11Y3csJhE16RM0a1GeDin0n810vNP+NVjttKA==",
      "dev": true,
      "optional": true
    },
    "esbuild-android-arm64": {
      "version": "0.14.40",
      "resolved": "https://registry.npmjs.org/esbuild-android-arm64/-/esbuild-android-arm64-0.14.40.tgz",
      "integrity": "sha512-lVDn4d7/NL5Svrxuskmd/YcluI6uI4Ebp7A1/tWyLJJYbvfIy5l4Vy8GMhErGLePbRyJJiuBP9xusapK4u+6bg==",
      "dev": true,
      "optional": true
    },
    "esbuild-darwin-64": {
      "version": "0.14.40",
      "resolved": "https://registry.npmjs.org/esbuild-darwin-64/-/esbuild-darwin-64-0.14.40.tgz",
      "integrity": "sha512-b5u3IXCHhOjkRHIQTSxCN7ObUR5NTyJCP9LrnJ69dEEi1w1usI40T/VNyTTCs7n0UgEH7/zi27vBxbZU+sU4Ew==",
      "dev": true,
      "optional": true
    },
    "esbuild-darwin-arm64": {
      "version": "0.14.40",
      "resolved": "https://registry.npmjs.org/esbuild-darwin-arm64/-/esbuild-darwin-arm64-0.14.40.tgz",
      "integrity": "sha512-Wn0C2nrZSANvzK9efcxjKpv9l8yUC4PtYMmnf775gUNwak7sqecuoelhbUTshhrwsfjCNfjsrUhsHY2OHUiEdw==",
      "dev": true,
      "optional": true
    },
    "esbuild-freebsd-64": {
      "version": "0.14.40",
      "resolved": "https://registry.npmjs.org/esbuild-freebsd-64/-/esbuild-freebsd-64-0.14.40.tgz",
      "integrity": "sha512-B9WZNUn7Y9f97xrQGBAQPKsebeFZzAd+JCdsLCexrVfTjB24b+/Iuq5O2z/q5Meg7Yz0S+j8AO6ncpvNkK2u0w==",
      "dev": true,
      "optional": true
    },
    "esbuild-freebsd-arm64": {
      "version": "0.14.40",
      "resolved": "https://registry.npmjs.org/esbuild-freebsd-arm64/-/esbuild-freebsd-arm64-0.14.40.tgz",
      "integrity": "sha512-3aB9uJv2/lmQNzwmieNyyOdxKi+3ERwrqf3snBu/oEng8b7nMBNrEN+p7jjkTYNYmo291KiH/5EIAXwpsZndFw==",
      "dev": true,
      "optional": true
    },
    "esbuild-linux-32": {
      "version": "0.14.40",
      "resolved": "https://registry.npmjs.org/esbuild-linux-32/-/esbuild-linux-32-0.14.40.tgz",
      "integrity": "sha512-LMI9BMeuGf6NRS23LbyVarN3nf+JyNcfiVEnR9M8691kL5Ffp3e7oTYRH65XdTUirM9D6e5cppfWLjvrRbGnRw==",
      "dev": true,
      "optional": true
    },
    "esbuild-linux-64": {
      "version": "0.14.40",
      "resolved": "https://registry.npmjs.org/esbuild-linux-64/-/esbuild-linux-64-0.14.40.tgz",
      "integrity": "sha512-D/NkZ9QR2KShJXNuRWANxJzPCrwJoAoWVetQiGIAepzXbNh+dBo5ZLmlh8Txs6tE600N67MF/ScHP1S4FxLaJg==",
      "dev": true,
      "optional": true
    },
    "esbuild-linux-arm": {
      "version": "0.14.40",
      "resolved": "https://registry.npmjs.org/esbuild-linux-arm/-/esbuild-linux-arm-0.14.40.tgz",
      "integrity": "sha512-2a0yZXbzr/s3iCgZ84jFTHf+NyyXQ/7/Sd28oQq5iyy7TbJNS973XUOwgdlHdRqBxvw0nIWTw2FuwyUJAFa6Qg==",
      "dev": true,
      "optional": true
    },
    "esbuild-linux-arm64": {
      "version": "0.14.40",
      "resolved": "https://registry.npmjs.org/esbuild-linux-arm64/-/esbuild-linux-arm64-0.14.40.tgz",
      "integrity": "sha512-TIoZWKjrMJxZujh2nSsrrLkLDLzD/oBpSiobdUGe2bqKZpT4m7fkR0tEDNyM6Xvzj9uTQ4iTfJr2ekmpg3DyTQ==",
      "dev": true,
      "optional": true
    },
    "esbuild-linux-mips64le": {
      "version": "0.14.40",
      "resolved": "https://registry.npmjs.org/esbuild-linux-mips64le/-/esbuild-linux-mips64le-0.14.40.tgz",
      "integrity": "sha512-SP30CYYSDMwr6mPUbjvD4K2R03GQHIQGrkrbXt5NM6mFqzR+S+JKVv9juq/CjlM9V7iIPPPqe4mb4DWC3b8pBw==",
      "dev": true,
      "optional": true
    },
    "esbuild-linux-ppc64le": {
      "version": "0.14.40",
      "resolved": "https://registry.npmjs.org/esbuild-linux-ppc64le/-/esbuild-linux-ppc64le-0.14.40.tgz",
      "integrity": "sha512-HlU3dfIdwzm/zhbXvMa5yWIafBeI7v6BDaEuApAww5Av8ht7lXgD1fZ11iJVPjRWNLcCZUgZaJKFrosSPQO/Bw==",
      "dev": true,
      "optional": true
    },
    "esbuild-linux-riscv64": {
      "version": "0.14.40",
      "resolved": "https://registry.npmjs.org/esbuild-linux-riscv64/-/esbuild-linux-riscv64-0.14.40.tgz",
      "integrity": "sha512-4ImTBEUykhIcIq3c97dIXnsmAHb//cjHh4nxttLhwpTZ+b/KdM1IpttqFhB0AFLUsrjP4WOCMxAm5FOL7FC2uw==",
      "dev": true,
      "optional": true
    },
    "esbuild-linux-s390x": {
      "version": "0.14.40",
      "resolved": "https://registry.npmjs.org/esbuild-linux-s390x/-/esbuild-linux-s390x-0.14.40.tgz",
      "integrity": "sha512-kFCPKictYjpt5rt0bFdbSmb8AWut75sIh1fZUTCVkujWMcpdL8ADuYMfVrN7R0CSQvkF1nQtrIBfp+ZU7R7KNQ==",
      "dev": true,
      "optional": true
    },
    "esbuild-netbsd-64": {
      "version": "0.14.40",
      "resolved": "https://registry.npmjs.org/esbuild-netbsd-64/-/esbuild-netbsd-64-0.14.40.tgz",
      "integrity": "sha512-Hwzw2cSI6+p03TUjugzec54W6uW4tA1J/WovmlHl96Icjy73eWnAyCQwgG6ZLirXpt2aDfTEVShNaC2fE4KVhQ==",
      "dev": true,
      "optional": true
    },
    "esbuild-openbsd-64": {
      "version": "0.14.40",
      "resolved": "https://registry.npmjs.org/esbuild-openbsd-64/-/esbuild-openbsd-64-0.14.40.tgz",
      "integrity": "sha512-L4Pix+N2Sb0HvLl8zyn1Aq2aYD5Jt8rk9zwW3NUx19yafJqAFsnUN7L/XbbWSv5/XMqnY4hpAvIP2pyeV9+Bjw==",
      "dev": true,
      "optional": true
    },
    "esbuild-sunos-64": {
      "version": "0.14.40",
      "resolved": "https://registry.npmjs.org/esbuild-sunos-64/-/esbuild-sunos-64-0.14.40.tgz",
      "integrity": "sha512-iEITaelmmCO43ewk0bOYRGrewu2i2h2V0gKHQ/rz1MRqif8ohY/FNLn4WnThGUlrEgA1nTL1tc57PL12QbOo2Q==",
      "dev": true,
      "optional": true
    },
    "esbuild-windows-32": {
      "version": "0.14.40",
      "resolved": "https://registry.npmjs.org/esbuild-windows-32/-/esbuild-windows-32-0.14.40.tgz",
      "integrity": "sha512-uXHmKl4RtCkK1v6QQK4hsP8Xiku6CwUM/W7Yv2rGtfylSOrrWKcpqwlDWx6bIm1Hav1uBC8hbgJ1hY6pWFNhNA==",
      "dev": true,
      "optional": true
    },
    "esbuild-windows-64": {
      "version": "0.14.40",
      "resolved": "https://registry.npmjs.org/esbuild-windows-64/-/esbuild-windows-64-0.14.40.tgz",
      "integrity": "sha512-dvgQLVYnJzqce97AeHvxWtV9lHRDxIPatOikmrh1vt/SCE4tyVo5nAT/2SiZBJ6DzYmZT3BcJTV24bBLyu4ZUA==",
      "dev": true,
      "optional": true
    },
    "esbuild-windows-arm64": {
      "version": "0.14.40",
      "resolved": "https://registry.npmjs.org/esbuild-windows-arm64/-/esbuild-windows-arm64-0.14.40.tgz",
      "integrity": "sha512-c8ohQSFtRq78pZ/LQcpMft2xuR2IEitQkW07f9K7iN4EBdJMrCpOoXrZCfmX9lAC8yYOU7xHoLFYVln3n6fK1Q==",
      "dev": true,
      "optional": true
    },
    "fetch-blob": {
      "version": "3.1.4",
      "resolved": "https://registry.npmjs.org/fetch-blob/-/fetch-blob-3.1.4.tgz",
      "integrity": "sha512-Eq5Xv5+VlSrYWEqKrusxY1C3Hm/hjeAsCGVG3ft7pZahlUAChpGZT/Ms1WmSLnEAisEXszjzu/s+ce6HZB2VHA==",
      "dev": true,
      "requires": {
        "node-domexception": "^1.0.0",
        "web-streams-polyfill": "^3.0.3"
      }
    },
    "formdata-polyfill": {
      "version": "4.0.10",
      "resolved": "https://registry.npmjs.org/formdata-polyfill/-/formdata-polyfill-4.0.10.tgz",
      "integrity": "sha512-buewHzMvYL29jdeQTVILecSaZKnt/RJWjoZCF5OW60Z67/GmSLBkOFM7qh1PI3zFNtJbaZL5eQu1vLfazOwj4g==",
      "dev": true,
      "requires": {
        "fetch-blob": "^3.1.2"
      }
    },
    "node-domexception": {
      "version": "1.0.0",
      "resolved": "https://registry.npmjs.org/node-domexception/-/node-domexception-1.0.0.tgz",
      "integrity": "sha512-/jKZoMpw0F8GRwl4/eLROPA3cfcXtLApP0QzLmUT/HuPCZWyB7IY9ZrMeKw2O/nFIqPQB3PVM9aYm0F312AXDQ==",
      "dev": true
    },
    "node-fetch": {
      "version": "3.2.4",
      "resolved": "https://registry.npmjs.org/node-fetch/-/node-fetch-3.2.4.tgz",
      "integrity": "sha512-WvYJRN7mMyOLurFR2YpysQGuwYrJN+qrrpHjJDuKMcSPdfFccRUla/kng2mz6HWSBxJcqPbvatS6Gb4RhOzCJw==",
      "dev": true,
      "requires": {
        "data-uri-to-buffer": "^4.0.0",
        "fetch-blob": "^3.1.4",
        "formdata-polyfill": "^4.0.10"
      }
    },
    "typescript": {
      "version": "4.7.2",
      "resolved": "https://registry.npmjs.org/typescript/-/typescript-4.7.2.tgz",
      "integrity": "sha512-Mamb1iX2FDUpcTRzltPxgWMKy3fhg0TN378ylbktPGPK/99KbDtMQ4W1hwgsbPAsG3a0xKa1vmw4VKZQbkvz5A==",
      "dev": true
    },
    "web-streams-polyfill": {
      "version": "3.2.0",
      "resolved": "https://registry.npmjs.org/web-streams-polyfill/-/web-streams-polyfill-3.2.0.tgz",
      "integrity": "sha512-EqPmREeOzttaLRm5HS7io98goBgZ7IVz79aDvqjD0kYXLtFZTc0T/U6wHTPKyIjb+MdN7DFIIX6hgdBEpWmfPA==",
      "dev": true
    }
  }
}
