{
  "name": "twitter-threads",
  "version": "0.0.7",
  "lockfileVersion": 2,
  "requires": true,
  "packages": {
    "": {
      "name": "twitter-threads",
      "version": "0.0.7",
      "license": "MIT",
      "bin": {
        "tweets": "dist/cli/cli.js"
      },
      "devDependencies": {
        "@types/node": "^20.14.9",
        "esbuild": "^0.22.0",
        "node-fetch": "^3.3.2",
        "typescript": "^5.5.3"
      }
    },
    "node_modules/@esbuild/aix-ppc64": {
      "version": "0.22.0",
      "resolved": "https://registry.npmjs.org/@esbuild/aix-ppc64/-/aix-ppc64-0.22.0.tgz",
      "integrity": "sha512-uvQR2crZ/zgzSHDvdygHyNI+ze9zwS8mqz0YtGXotSqvEE0UkYE9s+FZKQNTt1VtT719mfP3vHrUdCpxBNQZhQ==",
      "cpu": [
        "ppc64"
      ],
      "dev": true,
      "optional": true,
      "os": [
        "aix"
      ],
      "engines": {
        "node": ">=18"
      }
    },
    "node_modules/@esbuild/android-arm": {
      "version": "0.22.0",
      "resolved": "https://registry.npmjs.org/@esbuild/android-arm/-/android-arm-0.22.0.tgz",
      "integrity": "sha512-PBnyP+r8vJE4ifxsWys9l+Mc2UY/yYZOpX82eoyGISXXb3dRr0M21v+s4fgRKWMFPMSf/iyowqPW/u7ScSUkjQ==",
      "cpu": [
        "arm"
      ],
      "dev": true,
      "optional": true,
      "os": [
        "android"
      ],
      "engines": {
        "node": ">=18"
      }
    },
    "node_modules/@esbuild/android-arm64": {
      "version": "0.22.0",
      "resolved": "https://registry.npmjs.org/@esbuild/android-arm64/-/android-arm64-0.22.0.tgz",
      "integrity": "sha512-UKhPb3o2gAB/bfXcl58ZXTn1q2oVu1rEu/bKrCtmm+Nj5MKUbrOwR5WAixE2v+lk0amWuwPvhnPpBRLIGiq7ig==",
      "cpu": [
        "arm64"
      ],
      "dev": true,
      "optional": true,
      "os": [
        "android"
      ],
      "engines": {
        "node": ">=18"
      }
    },
    "node_modules/@esbuild/android-x64": {
      "version": "0.22.0",
      "resolved": "https://registry.npmjs.org/@esbuild/android-x64/-/android-x64-0.22.0.tgz",
      "integrity": "sha512-IjTYtvIrjhR41Ijy2dDPgYjQHWG/x/A4KXYbs1fiU3efpRdoxMChK3oEZV6GPzVEzJqxFgcuBaiX1kwEvWUxSw==",
      "cpu": [
        "x64"
      ],
      "dev": true,
      "optional": true,
      "os": [
        "android"
      ],
      "engines": {
        "node": ">=18"
      }
    },
    "node_modules/@esbuild/darwin-arm64": {
      "version": "0.22.0",
      "resolved": "https://registry.npmjs.org/@esbuild/darwin-arm64/-/darwin-arm64-0.22.0.tgz",
      "integrity": "sha512-mqt+Go4y9wRvEz81bhKd9RpHsQR1LwU8Xm6jZRUV/xpM7cIQFbFH6wBCLPTNsdELBvfoHeumud7X78jQQJv2TA==",
      "cpu": [
        "arm64"
      ],
      "dev": true,
      "optional": true,
      "os": [
        "darwin"
      ],
      "engines": {
        "node": ">=18"
      }
    },
    "node_modules/@esbuild/darwin-x64": {
      "version": "0.22.0",
      "resolved": "https://registry.npmjs.org/@esbuild/darwin-x64/-/darwin-x64-0.22.0.tgz",
      "integrity": "sha512-vTaTQ9OgYc3VTaWtOE5pSuDT6H3d/qSRFRfSBbnxFfzAvYoB3pqKXA0LEbi/oT8GUOEAutspfRMqPj2ezdFaMw==",
      "cpu": [
        "x64"
      ],
      "dev": true,
      "optional": true,
      "os": [
        "darwin"
      ],
      "engines": {
        "node": ">=18"
      }
    },
    "node_modules/@esbuild/freebsd-arm64": {
      "version": "0.22.0",
      "resolved": "https://registry.npmjs.org/@esbuild/freebsd-arm64/-/freebsd-arm64-0.22.0.tgz",
      "integrity": "sha512-0e1ZgoobJzaGnR4reD7I9rYZ7ttqdh1KPvJWnquUoDJhL0rYwdneeLailBzd2/4g/U5p4e5TIHEWa68NF2hFpQ==",
      "cpu": [
        "arm64"
      ],
      "dev": true,
      "optional": true,
      "os": [
        "freebsd"
      ],
      "engines": {
        "node": ">=18"
      }
    },
    "node_modules/@esbuild/freebsd-x64": {
      "version": "0.22.0",
      "resolved": "https://registry.npmjs.org/@esbuild/freebsd-x64/-/freebsd-x64-0.22.0.tgz",
      "integrity": "sha512-BFgyYwlCwRWyPQJtkzqq2p6pJbiiWgp0P9PNf7a5FQ1itKY4czPuOMAlFVItirSmEpRPCeImuwePNScZS0pL5Q==",
      "cpu": [
        "x64"
      ],
      "dev": true,
      "optional": true,
      "os": [
        "freebsd"
      ],
      "engines": {
        "node": ">=18"
      }
    },
    "node_modules/@esbuild/linux-arm": {
      "version": "0.22.0",
      "resolved": "https://registry.npmjs.org/@esbuild/linux-arm/-/linux-arm-0.22.0.tgz",
      "integrity": "sha512-KEMWiA9aGuPUD4BH5yjlhElLgaRXe+Eri6gKBoDazoPBTo1BXc/e6IW5FcJO9DoL19FBeCxgONyh95hLDNepIg==",
      "cpu": [
        "arm"
      ],
      "dev": true,
      "optional": true,
      "os": [
        "linux"
      ],
      "engines": {
        "node": ">=18"
      }
    },
    "node_modules/@esbuild/linux-arm64": {
      "version": "0.22.0",
      "resolved": "https://registry.npmjs.org/@esbuild/linux-arm64/-/linux-arm64-0.22.0.tgz",
      "integrity": "sha512-V/K2rctCUgC0PCXpN7AqT4hoazXKgIYugFGu/myk2+pfe6jTW2guz/TBwq4cZ7ESqusR/IzkcQaBkcjquuBWsw==",
      "cpu": [
        "arm64"
      ],
      "dev": true,
      "optional": true,
      "os": [
        "linux"
      ],
      "engines": {
        "node": ">=18"
      }
    },
    "node_modules/@esbuild/linux-ia32": {
      "version": "0.22.0",
      "resolved": "https://registry.npmjs.org/@esbuild/linux-ia32/-/linux-ia32-0.22.0.tgz",
      "integrity": "sha512-r2ZZqkOMOrpUhzNwxI7uLAHIDwkfeqmTnrv1cjpL/rjllPWszgqmprd/om9oviKXUBpMqHbXmppvjAYgISb26Q==",
      "cpu": [
        "ia32"
      ],
      "dev": true,
      "optional": true,
      "os": [
        "linux"
      ],
      "engines": {
        "node": ">=18"
      }
    },
    "node_modules/@esbuild/linux-loong64": {
      "version": "0.22.0",
      "resolved": "https://registry.npmjs.org/@esbuild/linux-loong64/-/linux-loong64-0.22.0.tgz",
      "integrity": "sha512-qaowLrV/YOMAL2RfKQ4C/VaDzAuLDuylM2sd/LH+4OFirMl6CuDpRlCq4u49ZBaVV8pkI/Y+hTdiibvQRhojCA==",
      "cpu": [
        "loong64"
      ],
      "dev": true,
      "optional": true,
      "os": [
        "linux"
      ],
      "engines": {
        "node": ">=18"
      }
    },
    "node_modules/@esbuild/linux-mips64el": {
      "version": "0.22.0",
      "resolved": "https://registry.npmjs.org/@esbuild/linux-mips64el/-/linux-mips64el-0.22.0.tgz",
      "integrity": "sha512-hgrezzjQTRxjkQ5k08J6rtZN5PNnkWx/Rz6Kmj9gnsdCAX1I4Dn4ZPqvFRkXo55Q3pnVQJBwbdtrTO7tMGtyVA==",
      "cpu": [
        "mips64el"
      ],
      "dev": true,
      "optional": true,
      "os": [
        "linux"
      ],
      "engines": {
        "node": ">=18"
      }
    },
    "node_modules/@esbuild/linux-ppc64": {
      "version": "0.22.0",
      "resolved": "https://registry.npmjs.org/@esbuild/linux-ppc64/-/linux-ppc64-0.22.0.tgz",
      "integrity": "sha512-ewxg6FLLUio883XgSjfULEmDl3VPv/TYNnRprVAS3QeGFLdCYdx1tIudBcd7n9jIdk82v1Ajov4jx87qW7h9+g==",
      "cpu": [
        "ppc64"
      ],
      "dev": true,
      "optional": true,
      "os": [
        "linux"
      ],
      "engines": {
        "node": ">=18"
      }
    },
    "node_modules/@esbuild/linux-riscv64": {
      "version": "0.22.0",
      "resolved": "https://registry.npmjs.org/@esbuild/linux-riscv64/-/linux-riscv64-0.22.0.tgz",
      "integrity": "sha512-Az5XbgSJC2lE8XK8pdcutsf9RgdafWdTpUK/+6uaDdfkviw/B4JCwAfh1qVeRWwOohwdsl4ywZrWBNWxwrPLFg==",
      "cpu": [
        "riscv64"
      ],
      "dev": true,
      "optional": true,
      "os": [
        "linux"
      ],
      "engines": {
        "node": ">=18"
      }
    },
    "node_modules/@esbuild/linux-s390x": {
      "version": "0.22.0",
      "resolved": "https://registry.npmjs.org/@esbuild/linux-s390x/-/linux-s390x-0.22.0.tgz",
      "integrity": "sha512-8j4a2ChT9+V34NNNY9c/gMldutaJFmfMacTPq4KfNKwv2fitBCLYjee7c+Vxaha2nUhPK7cXcZpJtJ3+Y7ZdVQ==",
      "cpu": [
        "s390x"
      ],
      "dev": true,
      "optional": true,
      "os": [
        "linux"
      ],
      "engines": {
        "node": ">=18"
      }
    },
    "node_modules/@esbuild/linux-x64": {
      "version": "0.22.0",
      "resolved": "https://registry.npmjs.org/@esbuild/linux-x64/-/linux-x64-0.22.0.tgz",
      "integrity": "sha512-JUQyOnpbAkkRFOk/AhsEemz5TfWN4FJZxVObUlnlNCbe7QBl61ZNfM4cwBXayQA6laMJMUcqLHaYQHAB6YQ95Q==",
      "cpu": [
        "x64"
      ],
      "dev": true,
      "optional": true,
      "os": [
        "linux"
      ],
      "engines": {
        "node": ">=18"
      }
    },
    "node_modules/@esbuild/netbsd-x64": {
      "version": "0.22.0",
      "resolved": "https://registry.npmjs.org/@esbuild/netbsd-x64/-/netbsd-x64-0.22.0.tgz",
      "integrity": "sha512-11PoCoHXo4HFNbLsXuMB6bpMPWGDiw7xETji6COdJss4SQZLvcgNoeSqWtATRm10Jj1uEHiaIk4N0PiN6x4Fcg==",
      "cpu": [
        "x64"
      ],
      "dev": true,
      "optional": true,
      "os": [
        "netbsd"
      ],
      "engines": {
        "node": ">=18"
      }
    },
    "node_modules/@esbuild/openbsd-arm64": {
      "version": "0.22.0",
      "resolved": "https://registry.npmjs.org/@esbuild/openbsd-arm64/-/openbsd-arm64-0.22.0.tgz",
      "integrity": "sha512-Ezlhu/YyITmXwKSB+Zu/QqD7cxrjrpiw85cc0Rbd3AWr2wsgp+dWbWOE8MqHaLW9NKMZvuL0DhbJbvzR7F6Zvg==",
      "cpu": [
        "arm64"
      ],
      "dev": true,
      "optional": true,
      "os": [
        "openbsd"
      ],
      "engines": {
        "node": ">=18"
      }
    },
    "node_modules/@esbuild/openbsd-x64": {
      "version": "0.22.0",
      "resolved": "https://registry.npmjs.org/@esbuild/openbsd-x64/-/openbsd-x64-0.22.0.tgz",
      "integrity": "sha512-ufjdW5tFJGUjlH9j/5cCE9lrwRffyZh+T4vYvoDKoYsC6IXbwaFeV/ENxeNXcxotF0P8CDzoICXVSbJaGBhkrw==",
      "cpu": [
        "x64"
      ],
      "dev": true,
      "optional": true,
      "os": [
        "openbsd"
      ],
      "engines": {
        "node": ">=18"
      }
    },
    "node_modules/@esbuild/sunos-x64": {
      "version": "0.22.0",
      "resolved": "https://registry.npmjs.org/@esbuild/sunos-x64/-/sunos-x64-0.22.0.tgz",
      "integrity": "sha512-zY6ly/AoSmKnmNTowDJsK5ehra153/5ZhqxNLfq9NRsTTltetr+yHHcQ4RW7QDqw4JC8A1uC1YmeSfK9NRcK1w==",
      "cpu": [
        "x64"
      ],
      "dev": true,
      "optional": true,
      "os": [
        "sunos"
      ],
      "engines": {
        "node": ">=18"
      }
    },
    "node_modules/@esbuild/win32-arm64": {
      "version": "0.22.0",
      "resolved": "https://registry.npmjs.org/@esbuild/win32-arm64/-/win32-arm64-0.22.0.tgz",
      "integrity": "sha512-Kml5F7tv/1Maam0pbbCrvkk9vj046dPej30kFzlhXnhuCtYYBP6FGy/cLbc5yUT1lkZznGLf2OvuvmLjscO5rw==",
      "cpu": [
        "arm64"
      ],
      "dev": true,
      "optional": true,
      "os": [
        "win32"
      ],
      "engines": {
        "node": ">=18"
      }
    },
    "node_modules/@esbuild/win32-ia32": {
      "version": "0.22.0",
      "resolved": "https://registry.npmjs.org/@esbuild/win32-ia32/-/win32-ia32-0.22.0.tgz",
      "integrity": "sha512-IOgwn+mYTM3RrcydP4Og5IpXh+ftN8oF+HELTXSmbWBlujuci4Qa3DTeO+LEErceisI7KUSfEIiX+WOUlpELkw==",
      "cpu": [
        "ia32"
      ],
      "dev": true,
      "optional": true,
      "os": [
        "win32"
      ],
      "engines": {
        "node": ">=18"
      }
    },
    "node_modules/@esbuild/win32-x64": {
      "version": "0.22.0",
      "resolved": "https://registry.npmjs.org/@esbuild/win32-x64/-/win32-x64-0.22.0.tgz",
      "integrity": "sha512-4bDHJrk2WHBXJPhy1y80X7/5b5iZTZP3LGcKIlAP1J+KqZ4zQAPMLEzftGyjjfcKbA4JDlPt/+2R/F1ZTeRgrw==",
      "cpu": [
        "x64"
      ],
      "dev": true,
      "optional": true,
      "os": [
        "win32"
      ],
      "engines": {
        "node": ">=18"
      }
    },
    "node_modules/@types/node": {
      "version": "20.14.9",
      "resolved": "https://registry.npmjs.org/@types/node/-/node-20.14.9.tgz",
      "integrity": "sha512-06OCtnTXtWOZBJlRApleWndH4JsRVs1pDCc8dLSQp+7PpUpX3ePdHyeNSFTeSe7FtKyQkrlPvHwJOW3SLd8Oyg==",
      "dev": true,
      "dependencies": {
        "undici-types": "~5.26.4"
      }
    },
    "node_modules/data-uri-to-buffer": {
      "version": "4.0.0",
      "resolved": "https://registry.npmjs.org/data-uri-to-buffer/-/data-uri-to-buffer-4.0.0.tgz",
      "integrity": "sha512-Vr3mLBA8qWmcuschSLAOogKgQ/Jwxulv3RNE4FXnYWRGujzrRWQI4m12fQqRkwX06C0KanhLr4hK+GydchZsaA==",
      "dev": true,
      "engines": {
        "node": ">= 12"
      }
    },
    "node_modules/esbuild": {
      "version": "0.22.0",
      "resolved": "https://registry.npmjs.org/esbuild/-/esbuild-0.22.0.tgz",
      "integrity": "sha512-zNYA6bFZsVnsU481FnGAQjLDW0Pl/8BGG7EvAp15RzUvGC+ME7hf1q7LvIfStEQBz/iEHuBJCYcOwPmNCf1Tlw==",
      "dev": true,
      "hasInstallScript": true,
      "bin": {
        "esbuild": "bin/esbuild"
      },
      "engines": {
        "node": ">=18"
      },
      "optionalDependencies": {
        "@esbuild/aix-ppc64": "0.22.0",
        "@esbuild/android-arm": "0.22.0",
        "@esbuild/android-arm64": "0.22.0",
        "@esbuild/android-x64": "0.22.0",
        "@esbuild/darwin-arm64": "0.22.0",
        "@esbuild/darwin-x64": "0.22.0",
        "@esbuild/freebsd-arm64": "0.22.0",
        "@esbuild/freebsd-x64": "0.22.0",
        "@esbuild/linux-arm": "0.22.0",
        "@esbuild/linux-arm64": "0.22.0",
        "@esbuild/linux-ia32": "0.22.0",
        "@esbuild/linux-loong64": "0.22.0",
        "@esbuild/linux-mips64el": "0.22.0",
        "@esbuild/linux-ppc64": "0.22.0",
        "@esbuild/linux-riscv64": "0.22.0",
        "@esbuild/linux-s390x": "0.22.0",
        "@esbuild/linux-x64": "0.22.0",
        "@esbuild/netbsd-x64": "0.22.0",
        "@esbuild/openbsd-arm64": "0.22.0",
        "@esbuild/openbsd-x64": "0.22.0",
        "@esbuild/sunos-x64": "0.22.0",
        "@esbuild/win32-arm64": "0.22.0",
        "@esbuild/win32-ia32": "0.22.0",
        "@esbuild/win32-x64": "0.22.0"
      }
    },
    "node_modules/fetch-blob": {
      "version": "3.1.4",
      "resolved": "https://registry.npmjs.org/fetch-blob/-/fetch-blob-3.1.4.tgz",
      "integrity": "sha512-Eq5Xv5+VlSrYWEqKrusxY1C3Hm/hjeAsCGVG3ft7pZahlUAChpGZT/Ms1WmSLnEAisEXszjzu/s+ce6HZB2VHA==",
      "dev": true,
      "funding": [
        {
          "type": "github",
          "url": "https://github.com/sponsors/jimmywarting"
        },
        {
          "type": "paypal",
          "url": "https://paypal.me/jimmywarting"
        }
      ],
      "dependencies": {
        "node-domexception": "^1.0.0",
        "web-streams-polyfill": "^3.0.3"
      },
      "engines": {
        "node": "^12.20 || >= 14.13"
      }
    },
    "node_modules/formdata-polyfill": {
      "version": "4.0.10",
      "resolved": "https://registry.npmjs.org/formdata-polyfill/-/formdata-polyfill-4.0.10.tgz",
      "integrity": "sha512-buewHzMvYL29jdeQTVILecSaZKnt/RJWjoZCF5OW60Z67/GmSLBkOFM7qh1PI3zFNtJbaZL5eQu1vLfazOwj4g==",
      "dev": true,
      "dependencies": {
        "fetch-blob": "^3.1.2"
      },
      "engines": {
        "node": ">=12.20.0"
      }
    },
    "node_modules/node-domexception": {
      "version": "1.0.0",
      "resolved": "https://registry.npmjs.org/node-domexception/-/node-domexception-1.0.0.tgz",
      "integrity": "sha512-/jKZoMpw0F8GRwl4/eLROPA3cfcXtLApP0QzLmUT/HuPCZWyB7IY9ZrMeKw2O/nFIqPQB3PVM9aYm0F312AXDQ==",
      "dev": true,
      "funding": [
        {
          "type": "github",
          "url": "https://github.com/sponsors/jimmywarting"
        },
        {
          "type": "github",
          "url": "https://paypal.me/jimmywarting"
        }
      ],
      "engines": {
        "node": ">=10.5.0"
      }
    },
    "node_modules/node-fetch": {
      "version": "3.3.2",
      "resolved": "https://registry.npmjs.org/node-fetch/-/node-fetch-3.3.2.tgz",
      "integrity": "sha512-dRB78srN/l6gqWulah9SrxeYnxeddIG30+GOqK/9OlLVyLg3HPnr6SqOWTWOXKRwC2eGYCkZ59NNuSgvSrpgOA==",
      "dev": true,
      "dependencies": {
        "data-uri-to-buffer": "^4.0.0",
        "fetch-blob": "^3.1.4",
        "formdata-polyfill": "^4.0.10"
      },
      "engines": {
        "node": "^12.20.0 || ^14.13.1 || >=16.0.0"
      },
      "funding": {
        "type": "opencollective",
        "url": "https://opencollective.com/node-fetch"
      }
    },
    "node_modules/typescript": {
      "version": "5.5.3",
      "resolved": "https://registry.npmjs.org/typescript/-/typescript-5.5.3.tgz",
      "integrity": "sha512-/hreyEujaB0w76zKo6717l3L0o/qEUtRgdvUBvlkhoWeOVMjMuHNHk0BRBzikzuGDqNmPQbg5ifMEqsHLiIUcQ==",
      "dev": true,
      "bin": {
        "tsc": "bin/tsc",
        "tsserver": "bin/tsserver"
      },
      "engines": {
        "node": ">=14.17"
      }
    },
    "node_modules/undici-types": {
      "version": "5.26.5",
      "resolved": "https://registry.npmjs.org/undici-types/-/undici-types-5.26.5.tgz",
      "integrity": "sha512-JlCMO+ehdEIKqlFxk6IfVoAUVmgz7cU7zD/h9XZ0qzeosSHmUJVOzSQvvYSYWXkFXC+IfLKSIffhv0sVZup6pA==",
      "dev": true
    },
    "node_modules/web-streams-polyfill": {
      "version": "3.2.0",
      "resolved": "https://registry.npmjs.org/web-streams-polyfill/-/web-streams-polyfill-3.2.0.tgz",
      "integrity": "sha512-EqPmREeOzttaLRm5HS7io98goBgZ7IVz79aDvqjD0kYXLtFZTc0T/U6wHTPKyIjb+MdN7DFIIX6hgdBEpWmfPA==",
      "dev": true,
      "engines": {
        "node": ">= 8"
      }
    }
  },
  "dependencies": {
    "@esbuild/aix-ppc64": {
      "version": "0.22.0",
      "resolved": "https://registry.npmjs.org/@esbuild/aix-ppc64/-/aix-ppc64-0.22.0.tgz",
      "integrity": "sha512-uvQR2crZ/zgzSHDvdygHyNI+ze9zwS8mqz0YtGXotSqvEE0UkYE9s+FZKQNTt1VtT719mfP3vHrUdCpxBNQZhQ==",
      "dev": true,
      "optional": true
    },
    "@esbuild/android-arm": {
      "version": "0.22.0",
      "resolved": "https://registry.npmjs.org/@esbuild/android-arm/-/android-arm-0.22.0.tgz",
      "integrity": "sha512-PBnyP+r8vJE4ifxsWys9l+Mc2UY/yYZOpX82eoyGISXXb3dRr0M21v+s4fgRKWMFPMSf/iyowqPW/u7ScSUkjQ==",
      "dev": true,
      "optional": true
    },
    "@esbuild/android-arm64": {
      "version": "0.22.0",
      "resolved": "https://registry.npmjs.org/@esbuild/android-arm64/-/android-arm64-0.22.0.tgz",
      "integrity": "sha512-UKhPb3o2gAB/bfXcl58ZXTn1q2oVu1rEu/bKrCtmm+Nj5MKUbrOwR5WAixE2v+lk0amWuwPvhnPpBRLIGiq7ig==",
      "dev": true,
      "optional": true
    },
    "@esbuild/android-x64": {
      "version": "0.22.0",
      "resolved": "https://registry.npmjs.org/@esbuild/android-x64/-/android-x64-0.22.0.tgz",
      "integrity": "sha512-IjTYtvIrjhR41Ijy2dDPgYjQHWG/x/A4KXYbs1fiU3efpRdoxMChK3oEZV6GPzVEzJqxFgcuBaiX1kwEvWUxSw==",
      "dev": true,
      "optional": true
    },
    "@esbuild/darwin-arm64": {
      "version": "0.22.0",
      "resolved": "https://registry.npmjs.org/@esbuild/darwin-arm64/-/darwin-arm64-0.22.0.tgz",
      "integrity": "sha512-mqt+Go4y9wRvEz81bhKd9RpHsQR1LwU8Xm6jZRUV/xpM7cIQFbFH6wBCLPTNsdELBvfoHeumud7X78jQQJv2TA==",
      "dev": true,
      "optional": true
    },
    "@esbuild/darwin-x64": {
      "version": "0.22.0",
      "resolved": "https://registry.npmjs.org/@esbuild/darwin-x64/-/darwin-x64-0.22.0.tgz",
      "integrity": "sha512-vTaTQ9OgYc3VTaWtOE5pSuDT6H3d/qSRFRfSBbnxFfzAvYoB3pqKXA0LEbi/oT8GUOEAutspfRMqPj2ezdFaMw==",
      "dev": true,
      "optional": true
    },
    "@esbuild/freebsd-arm64": {
      "version": "0.22.0",
      "resolved": "https://registry.npmjs.org/@esbuild/freebsd-arm64/-/freebsd-arm64-0.22.0.tgz",
      "integrity": "sha512-0e1ZgoobJzaGnR4reD7I9rYZ7ttqdh1KPvJWnquUoDJhL0rYwdneeLailBzd2/4g/U5p4e5TIHEWa68NF2hFpQ==",
      "dev": true,
      "optional": true
    },
    "@esbuild/freebsd-x64": {
      "version": "0.22.0",
      "resolved": "https://registry.npmjs.org/@esbuild/freebsd-x64/-/freebsd-x64-0.22.0.tgz",
      "integrity": "sha512-BFgyYwlCwRWyPQJtkzqq2p6pJbiiWgp0P9PNf7a5FQ1itKY4czPuOMAlFVItirSmEpRPCeImuwePNScZS0pL5Q==",
      "dev": true,
      "optional": true
    },
    "@esbuild/linux-arm": {
      "version": "0.22.0",
      "resolved": "https://registry.npmjs.org/@esbuild/linux-arm/-/linux-arm-0.22.0.tgz",
      "integrity": "sha512-KEMWiA9aGuPUD4BH5yjlhElLgaRXe+Eri6gKBoDazoPBTo1BXc/e6IW5FcJO9DoL19FBeCxgONyh95hLDNepIg==",
      "dev": true,
      "optional": true
    },
    "@esbuild/linux-arm64": {
      "version": "0.22.0",
      "resolved": "https://registry.npmjs.org/@esbuild/linux-arm64/-/linux-arm64-0.22.0.tgz",
      "integrity": "sha512-V/K2rctCUgC0PCXpN7AqT4hoazXKgIYugFGu/myk2+pfe6jTW2guz/TBwq4cZ7ESqusR/IzkcQaBkcjquuBWsw==",
      "dev": true,
      "optional": true
    },
    "@esbuild/linux-ia32": {
      "version": "0.22.0",
      "resolved": "https://registry.npmjs.org/@esbuild/linux-ia32/-/linux-ia32-0.22.0.tgz",
      "integrity": "sha512-r2ZZqkOMOrpUhzNwxI7uLAHIDwkfeqmTnrv1cjpL/rjllPWszgqmprd/om9oviKXUBpMqHbXmppvjAYgISb26Q==",
      "dev": true,
      "optional": true
    },
    "@esbuild/linux-loong64": {
      "version": "0.22.0",
      "resolved": "https://registry.npmjs.org/@esbuild/linux-loong64/-/linux-loong64-0.22.0.tgz",
      "integrity": "sha512-qaowLrV/YOMAL2RfKQ4C/VaDzAuLDuylM2sd/LH+4OFirMl6CuDpRlCq4u49ZBaVV8pkI/Y+hTdiibvQRhojCA==",
      "dev": true,
      "optional": true
    },
    "@esbuild/linux-mips64el": {
      "version": "0.22.0",
      "resolved": "https://registry.npmjs.org/@esbuild/linux-mips64el/-/linux-mips64el-0.22.0.tgz",
      "integrity": "sha512-hgrezzjQTRxjkQ5k08J6rtZN5PNnkWx/Rz6Kmj9gnsdCAX1I4Dn4ZPqvFRkXo55Q3pnVQJBwbdtrTO7tMGtyVA==",
      "dev": true,
      "optional": true
    },
    "@esbuild/linux-ppc64": {
      "version": "0.22.0",
      "resolved": "https://registry.npmjs.org/@esbuild/linux-ppc64/-/linux-ppc64-0.22.0.tgz",
      "integrity": "sha512-ewxg6FLLUio883XgSjfULEmDl3VPv/TYNnRprVAS3QeGFLdCYdx1tIudBcd7n9jIdk82v1Ajov4jx87qW7h9+g==",
      "dev": true,
      "optional": true
    },
    "@esbuild/linux-riscv64": {
      "version": "0.22.0",
      "resolved": "https://registry.npmjs.org/@esbuild/linux-riscv64/-/linux-riscv64-0.22.0.tgz",
      "integrity": "sha512-Az5XbgSJC2lE8XK8pdcutsf9RgdafWdTpUK/+6uaDdfkviw/B4JCwAfh1qVeRWwOohwdsl4ywZrWBNWxwrPLFg==",
      "dev": true,
      "optional": true
    },
    "@esbuild/linux-s390x": {
      "version": "0.22.0",
      "resolved": "https://registry.npmjs.org/@esbuild/linux-s390x/-/linux-s390x-0.22.0.tgz",
      "integrity": "sha512-8j4a2ChT9+V34NNNY9c/gMldutaJFmfMacTPq4KfNKwv2fitBCLYjee7c+Vxaha2nUhPK7cXcZpJtJ3+Y7ZdVQ==",
      "dev": true,
      "optional": true
    },
    "@esbuild/linux-x64": {
      "version": "0.22.0",
      "resolved": "https://registry.npmjs.org/@esbuild/linux-x64/-/linux-x64-0.22.0.tgz",
      "integrity": "sha512-JUQyOnpbAkkRFOk/AhsEemz5TfWN4FJZxVObUlnlNCbe7QBl61ZNfM4cwBXayQA6laMJMUcqLHaYQHAB6YQ95Q==",
      "dev": true,
      "optional": true
    },
    "@esbuild/netbsd-x64": {
      "version": "0.22.0",
      "resolved": "https://registry.npmjs.org/@esbuild/netbsd-x64/-/netbsd-x64-0.22.0.tgz",
      "integrity": "sha512-11PoCoHXo4HFNbLsXuMB6bpMPWGDiw7xETji6COdJss4SQZLvcgNoeSqWtATRm10Jj1uEHiaIk4N0PiN6x4Fcg==",
      "dev": true,
      "optional": true
    },
    "@esbuild/openbsd-arm64": {
      "version": "0.22.0",
      "resolved": "https://registry.npmjs.org/@esbuild/openbsd-arm64/-/openbsd-arm64-0.22.0.tgz",
      "integrity": "sha512-Ezlhu/YyITmXwKSB+Zu/QqD7cxrjrpiw85cc0Rbd3AWr2wsgp+dWbWOE8MqHaLW9NKMZvuL0DhbJbvzR7F6Zvg==",
      "dev": true,
      "optional": true
    },
    "@esbuild/openbsd-x64": {
      "version": "0.22.0",
      "resolved": "https://registry.npmjs.org/@esbuild/openbsd-x64/-/openbsd-x64-0.22.0.tgz",
      "integrity": "sha512-ufjdW5tFJGUjlH9j/5cCE9lrwRffyZh+T4vYvoDKoYsC6IXbwaFeV/ENxeNXcxotF0P8CDzoICXVSbJaGBhkrw==",
      "dev": true,
      "optional": true
    },
    "@esbuild/sunos-x64": {
      "version": "0.22.0",
      "resolved": "https://registry.npmjs.org/@esbuild/sunos-x64/-/sunos-x64-0.22.0.tgz",
      "integrity": "sha512-zY6ly/AoSmKnmNTowDJsK5ehra153/5ZhqxNLfq9NRsTTltetr+yHHcQ4RW7QDqw4JC8A1uC1YmeSfK9NRcK1w==",
      "dev": true,
      "optional": true
    },
    "@esbuild/win32-arm64": {
      "version": "0.22.0",
      "resolved": "https://registry.npmjs.org/@esbuild/win32-arm64/-/win32-arm64-0.22.0.tgz",
      "integrity": "sha512-Kml5F7tv/1Maam0pbbCrvkk9vj046dPej30kFzlhXnhuCtYYBP6FGy/cLbc5yUT1lkZznGLf2OvuvmLjscO5rw==",
      "dev": true,
      "optional": true
    },
    "@esbuild/win32-ia32": {
      "version": "0.22.0",
      "resolved": "https://registry.npmjs.org/@esbuild/win32-ia32/-/win32-ia32-0.22.0.tgz",
      "integrity": "sha512-IOgwn+mYTM3RrcydP4Og5IpXh+ftN8oF+HELTXSmbWBlujuci4Qa3DTeO+LEErceisI7KUSfEIiX+WOUlpELkw==",
      "dev": true,
      "optional": true
    },
    "@esbuild/win32-x64": {
      "version": "0.22.0",
      "resolved": "https://registry.npmjs.org/@esbuild/win32-x64/-/win32-x64-0.22.0.tgz",
      "integrity": "sha512-4bDHJrk2WHBXJPhy1y80X7/5b5iZTZP3LGcKIlAP1J+KqZ4zQAPMLEzftGyjjfcKbA4JDlPt/+2R/F1ZTeRgrw==",
      "dev": true,
      "optional": true
    },
    "@types/node": {
      "version": "20.14.9",
      "resolved": "https://registry.npmjs.org/@types/node/-/node-20.14.9.tgz",
      "integrity": "sha512-06OCtnTXtWOZBJlRApleWndH4JsRVs1pDCc8dLSQp+7PpUpX3ePdHyeNSFTeSe7FtKyQkrlPvHwJOW3SLd8Oyg==",
      "dev": true,
      "requires": {
        "undici-types": "~5.26.4"
      }
    },
    "data-uri-to-buffer": {
      "version": "4.0.0",
      "resolved": "https://registry.npmjs.org/data-uri-to-buffer/-/data-uri-to-buffer-4.0.0.tgz",
      "integrity": "sha512-Vr3mLBA8qWmcuschSLAOogKgQ/Jwxulv3RNE4FXnYWRGujzrRWQI4m12fQqRkwX06C0KanhLr4hK+GydchZsaA==",
      "dev": true
    },
    "esbuild": {
      "version": "0.22.0",
      "resolved": "https://registry.npmjs.org/esbuild/-/esbuild-0.22.0.tgz",
      "integrity": "sha512-zNYA6bFZsVnsU481FnGAQjLDW0Pl/8BGG7EvAp15RzUvGC+ME7hf1q7LvIfStEQBz/iEHuBJCYcOwPmNCf1Tlw==",
      "dev": true,
      "requires": {
        "@esbuild/aix-ppc64": "0.22.0",
        "@esbuild/android-arm": "0.22.0",
        "@esbuild/android-arm64": "0.22.0",
        "@esbuild/android-x64": "0.22.0",
        "@esbuild/darwin-arm64": "0.22.0",
        "@esbuild/darwin-x64": "0.22.0",
        "@esbuild/freebsd-arm64": "0.22.0",
        "@esbuild/freebsd-x64": "0.22.0",
        "@esbuild/linux-arm": "0.22.0",
        "@esbuild/linux-arm64": "0.22.0",
        "@esbuild/linux-ia32": "0.22.0",
        "@esbuild/linux-loong64": "0.22.0",
        "@esbuild/linux-mips64el": "0.22.0",
        "@esbuild/linux-ppc64": "0.22.0",
        "@esbuild/linux-riscv64": "0.22.0",
        "@esbuild/linux-s390x": "0.22.0",
        "@esbuild/linux-x64": "0.22.0",
        "@esbuild/netbsd-x64": "0.22.0",
        "@esbuild/openbsd-arm64": "0.22.0",
        "@esbuild/openbsd-x64": "0.22.0",
        "@esbuild/sunos-x64": "0.22.0",
        "@esbuild/win32-arm64": "0.22.0",
        "@esbuild/win32-ia32": "0.22.0",
        "@esbuild/win32-x64": "0.22.0"
      }
    },
    "fetch-blob": {
      "version": "3.1.4",
      "resolved": "https://registry.npmjs.org/fetch-blob/-/fetch-blob-3.1.4.tgz",
      "integrity": "sha512-Eq5Xv5+VlSrYWEqKrusxY1C3Hm/hjeAsCGVG3ft7pZahlUAChpGZT/Ms1WmSLnEAisEXszjzu/s+ce6HZB2VHA==",
      "dev": true,
      "requires": {
        "node-domexception": "^1.0.0",
        "web-streams-polyfill": "^3.0.3"
      }
    },
    "formdata-polyfill": {
      "version": "4.0.10",
      "resolved": "https://registry.npmjs.org/formdata-polyfill/-/formdata-polyfill-4.0.10.tgz",
      "integrity": "sha512-buewHzMvYL29jdeQTVILecSaZKnt/RJWjoZCF5OW60Z67/GmSLBkOFM7qh1PI3zFNtJbaZL5eQu1vLfazOwj4g==",
      "dev": true,
      "requires": {
        "fetch-blob": "^3.1.2"
      }
    },
    "node-domexception": {
      "version": "1.0.0",
      "resolved": "https://registry.npmjs.org/node-domexception/-/node-domexception-1.0.0.tgz",
      "integrity": "sha512-/jKZoMpw0F8GRwl4/eLROPA3cfcXtLApP0QzLmUT/HuPCZWyB7IY9ZrMeKw2O/nFIqPQB3PVM9aYm0F312AXDQ==",
      "dev": true
    },
    "node-fetch": {
      "version": "3.3.2",
      "resolved": "https://registry.npmjs.org/node-fetch/-/node-fetch-3.3.2.tgz",
      "integrity": "sha512-dRB78srN/l6gqWulah9SrxeYnxeddIG30+GOqK/9OlLVyLg3HPnr6SqOWTWOXKRwC2eGYCkZ59NNuSgvSrpgOA==",
      "dev": true,
      "requires": {
        "data-uri-to-buffer": "^4.0.0",
        "fetch-blob": "^3.1.4",
        "formdata-polyfill": "^4.0.10"
      }
    },
    "typescript": {
      "version": "5.5.3",
      "resolved": "https://registry.npmjs.org/typescript/-/typescript-5.5.3.tgz",
      "integrity": "sha512-/hreyEujaB0w76zKo6717l3L0o/qEUtRgdvUBvlkhoWeOVMjMuHNHk0BRBzikzuGDqNmPQbg5ifMEqsHLiIUcQ==",
      "dev": true
    },
    "undici-types": {
      "version": "5.26.5",
      "resolved": "https://registry.npmjs.org/undici-types/-/undici-types-5.26.5.tgz",
      "integrity": "sha512-JlCMO+ehdEIKqlFxk6IfVoAUVmgz7cU7zD/h9XZ0qzeosSHmUJVOzSQvvYSYWXkFXC+IfLKSIffhv0sVZup6pA==",
      "dev": true
    },
    "web-streams-polyfill": {
      "version": "3.2.0",
      "resolved": "https://registry.npmjs.org/web-streams-polyfill/-/web-streams-polyfill-3.2.0.tgz",
      "integrity": "sha512-EqPmREeOzttaLRm5HS7io98goBgZ7IVz79aDvqjD0kYXLtFZTc0T/U6wHTPKyIjb+MdN7DFIIX6hgdBEpWmfPA==",
      "dev": true
    }
  }
}
